
Microsoft Visual Studio Solution File, Format Version 12.00
# Visual Studio Version 16
VisualStudioVersion = 16.0.29806.167
MinimumVisualStudioVersion = 10.0.40219.1
Project("{8BC9CEB8-8B4A-11D0-8D11-00A0C91BC942}") = "Multithreading", "Multithreading.vcxproj", "{5F0C5ABF-7515-404D-B6AC-1464CF2907D9}"
EndProject
Global
	GlobalSection(SolutionConfigurationPlatforms) = preSolution
		Debug|x64 = Debug|x64
		Debug|x86 = Debug|x86
		Release|x64 = Release|x64
		Release|x86 = Release|x86
	EndGlobalSection
	GlobalSection(ProjectConfigurationPlatforms) = postSolution
		{5F0C5ABF-7515-404D-B6AC-1464CF2907D9}.Debug|x64.ActiveCfg = Debug|x64
		{5F0C5ABF-7515-404D-B6AC-1464CF2907D9}.Debug|x64.Build.0 = Debug|x64
		{5F0C5ABF-7515-404D-B6AC-1464CF2907D9}.Debug|x86.ActiveCfg = Debug|Win32
		{5F0C5ABF-7515-404D-B6AC-1464CF2907D9}.Debug|x86.Build.0 = Debug|Win32
		{5F0C5ABF-7515-404D-B6AC-1464CF2907D9}.Release|x64.ActiveCfg = Release|x64
		{5F0C5ABF-7515-404D-B6AC-1464CF2907D9}.Release|x64.Build.0 = Release|x64
		{5F0C5ABF-7515-404D-B6AC-1464CF2907D9}.Release|x86.ActiveCfg = Release|Win32
		{5F0C5ABF-7515-404D-B6AC-1464CF2907D9}.Release|x86.Build.0 = Release|Win32
	EndGlobalSection
	GlobalSection(SolutionProperties) = preSolution
		HideSolutionNode = FALSE
	EndGlobalSection
	GlobalSection(ExtensibilityGlobals) = postSolution
		SolutionGuid = {2452EF2E-D743-43D5-9DCA-F9408A28F598}
	EndGlobalSection
EndGlobal
